
Microsoft Visual Studio Solution File, Format Version 12.00
# Visual Studio Version 17
VisualStudioVersion = 17.4.33122.133
MinimumVisualStudioVersion = 10.0.40219.1
Project("{FAE04EC0-301F-11D3-BF4B-00C04F79EFBC}") = "Oop_Asp.Net_Core5_Mvc", "Oop_Asp.Net_Core5_Mvc\Oop_Asp.Net_Core5_Mvc.csproj", "{682A3E23-9E84-4769-A664-1FA12B199DE2}"
EndProject
Global
	GlobalSection(SolutionConfigurationPlatforms) = preSolution
		Debug|Any CPU = Debug|Any CPU
		Release|Any CPU = Release|Any CPU
	EndGlobalSection
	GlobalSection(ProjectConfigurationPlatforms) = postSolution
		{682A3E23-9E84-4769-A664-1FA12B199DE2}.Debug|Any CPU.ActiveCfg = Debug|Any CPU
		{682A3E23-9E84-4769-A664-1FA12B199DE2}.Debug|Any CPU.Build.0 = Debug|Any CPU
		{682A3E23-9E84-4769-A664-1FA12B199DE2}.Release|Any CPU.ActiveCfg = Release|Any CPU
		{682A3E23-9E84-4769-A664-1FA12B199DE2}.Release|Any CPU.Build.0 = Release|Any CPU
	EndGlobalSection
	GlobalSection(SolutionProperties) = preSolution
		HideSolutionNode = FALSE
	EndGlobalSection
	GlobalSection(ExtensibilityGlobals) = postSolution
		SolutionGuid = {DACC429B-13A5-4712-B227-9A3C1E34FB54}
	EndGlobalSection
EndGlobal
